
Microsoft Visual Studio Solution File, Format Version 12.00
# Visual Studio Version 17
VisualStudioVersion = 17.2.32516.85
MinimumVisualStudioVersion = 10.0.40219.1
Project("{2150E333-8FDC-42A3-9474-1A3956D46DE8}") = "Executions", "Executions", "{9F650DB4-6ABC-498D-A49A-492D2F5788DB}"
EndProject
Project("{2150E333-8FDC-42A3-9474-1A3956D46DE8}") = "Chapters", "Chapters", "{C35F9213-6FEE-406C-98D3-DD852FA6BE1F}"
EndProject
Project("{2150E333-8FDC-42A3-9474-1A3956D46DE8}") = "Chapter4_SecondApplication", "Chapter4_SecondApplication", "{CEBDC66A-1D7E-4876-97F6-85130B8EBB78}"
EndProject
Project("{9A19103F-16F7-4668-BE54-9A1E7A4F7556}") = "SecondApplication", "OurSecondApplication\SecondApplication.csproj", "{0284A9AA-FB24-422E-A6CD-1798229CB4FA}"
EndProject
Project("{2150E333-8FDC-42A3-9474-1A3956D46DE8}") = "Console", "Console", "{C523E155-758C-4186-A8F0-C93DA6A25F89}"
EndProject
Project("{2150E333-8FDC-42A3-9474-1A3956D46DE8}") = "API", "API", "{9F9EC511-C10A-45B7-B9D1-0604F22A8FD6}"
EndProject
Project("{2150E333-8FDC-42A3-9474-1A3956D46DE8}") = "Web", "Web", "{3D945E5E-5BA6-4FFB-86F2-94745A39F418}"
EndProject
Project("{9A19103F-16F7-4668-BE54-9A1E7A4F7556}") = "RunConsole", "RunConsole\RunConsole.csproj", "{D9C21FD1-1842-4A63-9D6F-87D383B75B3C}"
EndProject
Project("{2150E333-8FDC-42A3-9474-1A3956D46DE8}") = "Chapter5_CommonVariables", "Chapter5_CommonVariables", "{FB05D2F3-2ED4-47CF-9FB4-EB3508E94005}"
EndProject
Project("{9A19103F-16F7-4668-BE54-9A1E7A4F7556}") = "Variables", "Variables\Variables.csproj", "{0E5BA441-F174-4BAD-A1E6-FFFE8B9A0BCE}"
EndProject
Project("{2150E333-8FDC-42A3-9474-1A3956D46DE8}") = "Chapter6_OOP", "Chapter6_OOP", "{19FF0177-C093-4D5F-910E-80C752350CB0}"
EndProject
Project("{FAE04EC0-301F-11D3-BF4B-00C04F79EFBC}") = "OOP", "OOP\OOP.csproj", "{F3D9E267-8208-47E2-9112-D921E0079F3F}"
EndProject
Project("{2150E333-8FDC-42A3-9474-1A3956D46DE8}") = "Inheritance", "Inheritance", "{13113A71-3262-40EF-8C92-0F70B1D749C8}"
EndProject
Project("{FAE04EC0-301F-11D3-BF4B-00C04F79EFBC}") = "Inheritance", "Inheritance\Inheritance.csproj", "{A0DFE27F-BB03-4609-A767-C64EE683DFB8}"
EndProject
Project("{2150E333-8FDC-42A3-9474-1A3956D46DE8}") = "Interfaces", "Interfaces", "{6D13AA61-B873-4228-AD2F-296DDFDCAFD8}"
EndProject
Project("{FAE04EC0-301F-11D3-BF4B-00C04F79EFBC}") = "InterfacesApp", "InterfacesApp\InterfacesApp.csproj", "{B42B4709-239E-45B5-A926-8F0FA4F90124}"
EndProject
Global
	GlobalSection(SolutionConfigurationPlatforms) = preSolution
		Debug|Any CPU = Debug|Any CPU
		Release|Any CPU = Release|Any CPU
	EndGlobalSection
	GlobalSection(ProjectConfigurationPlatforms) = postSolution
		{0284A9AA-FB24-422E-A6CD-1798229CB4FA}.Debug|Any CPU.ActiveCfg = Debug|Any CPU
		{0284A9AA-FB24-422E-A6CD-1798229CB4FA}.Debug|Any CPU.Build.0 = Debug|Any CPU
		{0284A9AA-FB24-422E-A6CD-1798229CB4FA}.Release|Any CPU.ActiveCfg = Release|Any CPU
		{0284A9AA-FB24-422E-A6CD-1798229CB4FA}.Release|Any CPU.Build.0 = Release|Any CPU
		{D9C21FD1-1842-4A63-9D6F-87D383B75B3C}.Debug|Any CPU.ActiveCfg = Debug|Any CPU
		{D9C21FD1-1842-4A63-9D6F-87D383B75B3C}.Debug|Any CPU.Build.0 = Debug|Any CPU
		{D9C21FD1-1842-4A63-9D6F-87D383B75B3C}.Release|Any CPU.ActiveCfg = Release|Any CPU
		{D9C21FD1-1842-4A63-9D6F-87D383B75B3C}.Release|Any CPU.Build.0 = Release|Any CPU
		{0E5BA441-F174-4BAD-A1E6-FFFE8B9A0BCE}.Debug|Any CPU.ActiveCfg = Debug|Any CPU
		{0E5BA441-F174-4BAD-A1E6-FFFE8B9A0BCE}.Debug|Any CPU.Build.0 = Debug|Any CPU
		{0E5BA441-F174-4BAD-A1E6-FFFE8B9A0BCE}.Release|Any CPU.ActiveCfg = Release|Any CPU
		{0E5BA441-F174-4BAD-A1E6-FFFE8B9A0BCE}.Release|Any CPU.Build.0 = Release|Any CPU
		{F3D9E267-8208-47E2-9112-D921E0079F3F}.Debug|Any CPU.ActiveCfg = Debug|Any CPU
		{F3D9E267-8208-47E2-9112-D921E0079F3F}.Debug|Any CPU.Build.0 = Debug|Any CPU
		{F3D9E267-8208-47E2-9112-D921E0079F3F}.Release|Any CPU.ActiveCfg = Release|Any CPU
		{F3D9E267-8208-47E2-9112-D921E0079F3F}.Release|Any CPU.Build.0 = Release|Any CPU
		{A0DFE27F-BB03-4609-A767-C64EE683DFB8}.Debug|Any CPU.ActiveCfg = Debug|Any CPU
		{A0DFE27F-BB03-4609-A767-C64EE683DFB8}.Debug|Any CPU.Build.0 = Debug|Any CPU
		{A0DFE27F-BB03-4609-A767-C64EE683DFB8}.Release|Any CPU.ActiveCfg = Release|Any CPU
		{A0DFE27F-BB03-4609-A767-C64EE683DFB8}.Release|Any CPU.Build.0 = Release|Any CPU
		{B42B4709-239E-45B5-A926-8F0FA4F90124}.Debug|Any CPU.ActiveCfg = Debug|Any CPU
		{B42B4709-239E-45B5-A926-8F0FA4F90124}.Debug|Any CPU.Build.0 = Debug|Any CPU
		{B42B4709-239E-45B5-A926-8F0FA4F90124}.Release|Any CPU.ActiveCfg = Release|Any CPU
		{B42B4709-239E-45B5-A926-8F0FA4F90124}.Release|Any CPU.Build.0 = Release|Any CPU
	EndGlobalSection
	GlobalSection(SolutionProperties) = preSolution
		HideSolutionNode = FALSE
	EndGlobalSection
	GlobalSection(NestedProjects) = preSolution
		{CEBDC66A-1D7E-4876-97F6-85130B8EBB78} = {C35F9213-6FEE-406C-98D3-DD852FA6BE1F}
		{0284A9AA-FB24-422E-A6CD-1798229CB4FA} = {CEBDC66A-1D7E-4876-97F6-85130B8EBB78}
		{C523E155-758C-4186-A8F0-C93DA6A25F89} = {9F650DB4-6ABC-498D-A49A-492D2F5788DB}
		{9F9EC511-C10A-45B7-B9D1-0604F22A8FD6} = {9F650DB4-6ABC-498D-A49A-492D2F5788DB}
		{3D945E5E-5BA6-4FFB-86F2-94745A39F418} = {9F650DB4-6ABC-498D-A49A-492D2F5788DB}
		{D9C21FD1-1842-4A63-9D6F-87D383B75B3C} = {C523E155-758C-4186-A8F0-C93DA6A25F89}
		{FB05D2F3-2ED4-47CF-9FB4-EB3508E94005} = {C35F9213-6FEE-406C-98D3-DD852FA6BE1F}
		{0E5BA441-F174-4BAD-A1E6-FFFE8B9A0BCE} = {FB05D2F3-2ED4-47CF-9FB4-EB3508E94005}
		{19FF0177-C093-4D5F-910E-80C752350CB0} = {C35F9213-6FEE-406C-98D3-DD852FA6BE1F}
		{F3D9E267-8208-47E2-9112-D921E0079F3F} = {19FF0177-C093-4D5F-910E-80C752350CB0}
		{13113A71-3262-40EF-8C92-0F70B1D749C8} = {C35F9213-6FEE-406C-98D3-DD852FA6BE1F}
		{A0DFE27F-BB03-4609-A767-C64EE683DFB8} = {13113A71-3262-40EF-8C92-0F70B1D749C8}
		{6D13AA61-B873-4228-AD2F-296DDFDCAFD8} = {C35F9213-6FEE-406C-98D3-DD852FA6BE1F}
		{B42B4709-239E-45B5-A926-8F0FA4F90124} = {6D13AA61-B873-4228-AD2F-296DDFDCAFD8}
	EndGlobalSection
	GlobalSection(ExtensibilityGlobals) = postSolution
		SolutionGuid = {EF8A27EF-9DF2-44B0-8391-AABBF707907F}
	EndGlobalSection
EndGlobal
